
Microsoft Visual Studio Solution File, Format Version 12.00
# Visual Studio Version 17
VisualStudioVersion = 17.6.33815.320
MinimumVisualStudioVersion = 10.0.40219.1
Project("{FAE04EC0-301F-11D3-BF4B-00C04F79EFBC}") = "Anotations", "Anotations\Anotations.csproj", "{F2D12510-6BAF-450F-B555-AD38D0895B06}"
EndProject
Global
	GlobalSection(SolutionConfigurationPlatforms) = preSolution
		Debug|Any CPU = Debug|Any CPU
		Release|Any CPU = Release|Any CPU
	EndGlobalSection
	GlobalSection(ProjectConfigurationPlatforms) = postSolution
		{F2D12510-6BAF-450F-B555-AD38D0895B06}.Debug|Any CPU.ActiveCfg = Debug|Any CPU
		{F2D12510-6BAF-450F-B555-AD38D0895B06}.Debug|Any CPU.Build.0 = Debug|Any CPU
		{F2D12510-6BAF-450F-B555-AD38D0895B06}.Release|Any CPU.ActiveCfg = Release|Any CPU
		{F2D12510-6BAF-450F-B555-AD38D0895B06}.Release|Any CPU.Build.0 = Release|Any CPU
	EndGlobalSection
	GlobalSection(SolutionProperties) = preSolution
		HideSolutionNode = FALSE
	EndGlobalSection
	GlobalSection(ExtensibilityGlobals) = postSolution
		SolutionGuid = {04B0C6F6-CA20-4769-B56F-8BEB8E654D88}
	EndGlobalSection
EndGlobal
